// !$*UTF8*$!
{
	archiveVersion = 1;
	classes = {
	};
	objectVersion = 56;
	objects = {

/* Begin PBXBuildFile section */
		B707E07B28E722360056A0D6 /* AppDelegate.swift in Sources */ = {isa = PBXBuildFile; fileRef = B707E07A28E722360056A0D6 /* AppDelegate.swift */; };
		B707E07D28E722360056A0D6 /* SceneDelegate.swift in Sources */ = {isa = PBXBuildFile; fileRef = B707E07C28E722360056A0D6 /* SceneDelegate.swift */; };
		B707E07F28E722360056A0D6 /* ViewController.swift in Sources */ = {isa = PBXBuildFile; fileRef = B707E07E28E722360056A0D6 /* ViewController.swift */; };
		B707E08228E722360056A0D6 /* Main.storyboard in Resources */ = {isa = PBXBuildFile; fileRef = B707E08028E722360056A0D6 /* Main.storyboard */; };
		B707E08428E722370056A0D6 /* Assets.xcassets in Resources */ = {isa = PBXBuildFile; fileRef = B707E08328E722370056A0D6 /* Assets.xcassets */; };
		B707E08728E722370056A0D6 /* LaunchScreen.storyboard in Resources */ = {isa = PBXBuildFile; fileRef = B707E08528E722370056A0D6 /* LaunchScreen.storyboard */; };
		B707E09228E722AD0056A0D6 /* AZkarVC.swift in Sources */ = {isa = PBXBuildFile; fileRef = B707E09028E722AD0056A0D6 /* AZkarVC.swift */; };
		B707E09328E722AD0056A0D6 /* AZkarVC.xib in Resources */ = {isa = PBXBuildFile; fileRef = B707E09128E722AD0056A0D6 /* AZkarVC.xib */; };
		B707E09D28E723A40056A0D6 /* AZkarScreenRouter.swift in Sources */ = {isa = PBXBuildFile; fileRef = B707E09C28E723A40056A0D6 /* AZkarScreenRouter.swift */; };
/* End PBXBuildFile section */

/* Begin PBXFileReference section */
		B707E07728E722360056A0D6 /* TestApp.app */ = {isa = PBXFileReference; explicitFileType = wrapper.application; includeInIndex = 0; path = TestApp.app; sourceTree = BUILT_PRODUCTS_DIR; };
		B707E07A28E722360056A0D6 /* AppDelegate.swift */ = {isa = PBXFileReference; lastKnownFileType = sourcecode.swift; path = AppDelegate.swift; sourceTree = "<group>"; };
		B707E07C28E722360056A0D6 /* SceneDelegate.swift */ = {isa = PBXFileReference; lastKnownFileType = sourcecode.swift; path = SceneDelegate.swift; sourceTree = "<group>"; };
		B707E07E28E722360056A0D6 /* ViewController.swift */ = {isa = PBXFileReference; lastKnownFileType = sourcecode.swift; path = ViewController.swift; sourceTree = "<group>"; };
		B707E08128E722360056A0D6 /* Base */ = {isa = PBXFileReference; lastKnownFileType = file.storyboard; name = Base; path = Base.lproj/Main.storyboard; sourceTree = "<group>"; };
		B707E08328E722370056A0D6 /* Assets.xcassets */ = {isa = PBXFileReference; lastKnownFileType = folder.assetcatalog; path = Assets.xcassets; sourceTree = "<group>"; };
		B707E08628E722370056A0D6 /* Base */ = {isa = PBXFileReference; lastKnownFileType = file.storyboard; name = Base; path = Base.lproj/LaunchScreen.storyboard; sourceTree = "<group>"; };
		B707E08828E722370056A0D6 /* Info.plist */ = {isa = PBXFileReference; lastKnownFileType = text.plist.xml; path = Info.plist; sourceTree = "<group>"; };
		B707E09028E722AD0056A0D6 /* AZkarVC.swift */ = {isa = PBXFileReference; lastKnownFileType = sourcecode.swift; path = AZkarVC.swift; sourceTree = "<group>"; };
		B707E09128E722AD0056A0D6 /* AZkarVC.xib */ = {isa = PBXFileReference; lastKnownFileType = file.xib; path = AZkarVC.xib; sourceTree = "<group>"; };
		B707E09C28E723A40056A0D6 /* AZkarScreenRouter.swift */ = {isa = PBXFileReference; lastKnownFileType = sourcecode.swift; path = AZkarScreenRouter.swift; sourceTree = "<group>"; };
		B707E0A028E724650056A0D6 /* ReadME.md */ = {isa = PBXFileReference; lastKnownFileType = net.daringfireball.markdown; path = ReadME.md; sourceTree = "<group>"; };
/* End PBXFileReference section */

/* Begin PBXFrameworksBuildPhase section */
		B707E07428E722360056A0D6 /* Frameworks */ = {
			isa = PBXFrameworksBuildPhase;
			buildActionMask = 2147483647;
			files = (
			);
			runOnlyForDeploymentPostprocessing = 0;
		};
/* End PBXFrameworksBuildPhase section */

/* Begin PBXGroup section */
		B707E06E28E722360056A0D6 = {
			isa = PBXGroup;
			children = (
				B707E07928E722360056A0D6 /* TestApp */,
				B707E07828E722360056A0D6 /* Products */,
			);
			sourceTree = "<group>";
		};
		B707E07828E722360056A0D6 /* Products */ = {
			isa = PBXGroup;
			children = (
				B707E07728E722360056A0D6 /* TestApp.app */,
			);
			name = Products;
			sourceTree = "<group>";
		};
		B707E07928E722360056A0D6 /* TestApp */ = {
			isa = PBXGroup;
			children = (
				B707E0A028E724650056A0D6 /* ReadME.md */,
				B707E09828E7237E0056A0D6 /* Model */,
				B707E09428E722BB0056A0D6 /* Helper */,
				B707E09528E722F40056A0D6 /* PrayTimes */,
				B707E08E28E7223E0056A0D6 /* AZkar */,
				B707E07A28E722360056A0D6 /* AppDelegate.swift */,
				B707E07C28E722360056A0D6 /* SceneDelegate.swift */,
				B707E07E28E722360056A0D6 /* ViewController.swift */,
				B707E08028E722360056A0D6 /* Main.storyboard */,
				B707E08328E722370056A0D6 /* Assets.xcassets */,
				B707E08528E722370056A0D6 /* LaunchScreen.storyboard */,
				B707E08828E722370056A0D6 /* Info.plist */,
			);
			path = TestApp;
			sourceTree = "<group>";
		};
		B707E08E28E7223E0056A0D6 /* AZkar */ = {
			isa = PBXGroup;
			children = (
				B707E08F28E7227D0056A0D6 /* AZkarScreen */,
			);
			path = AZkar;
			sourceTree = "<group>";
		};
		B707E08F28E7227D0056A0D6 /* AZkarScreen */ = {
			isa = PBXGroup;
			children = (
				B707E09728E723780056A0D6 /* View */,
				B707E09928E723840056A0D6 /* Controller */,
				B707E09B28E723960056A0D6 /* Router */,
			);
			path = AZkarScreen;
			sourceTree = "<group>";
		};
		B707E09428E722BB0056A0D6 /* Helper */ = {
			isa = PBXGroup;
			children = (
			);
			path = Helper;
			sourceTree = "<group>";
		};
		B707E09528E722F40056A0D6 /* PrayTimes */ = {
			isa = PBXGroup;
			children = (
				B707E09628E722FC0056A0D6 /* PrayTimesScreen */,
			);
			path = PrayTimes;
			sourceTree = "<group>";
		};
		B707E09628E722FC0056A0D6 /* PrayTimesScreen */ = {
			isa = PBXGroup;
			children = (
			);
			path = PrayTimesScreen;
			sourceTree = "<group>";
		};
		B707E09728E723780056A0D6 /* View */ = {
			isa = PBXGroup;
			children = (
				B707E09028E722AD0056A0D6 /* AZkarVC.swift */,
				B707E09128E722AD0056A0D6 /* AZkarVC.xib */,
			);
			path = View;
			sourceTree = "<group>";
		};
		B707E09828E7237E0056A0D6 /* Model */ = {
			isa = PBXGroup;
			children = (
			);
			path = Model;
			sourceTree = "<group>";
		};
		B707E09928E723840056A0D6 /* Controller */ = {
			isa = PBXGroup;
			children = (
			);
			path = Controller;
			sourceTree = "<group>";
		};
		B707E09B28E723960056A0D6 /* Router */ = {
			isa = PBXGroup;
			children = (
				B707E09C28E723A40056A0D6 /* AZkarScreenRouter.swift */,
			);
			path = Router;
			sourceTree = "<group>";
		};
/* End PBXGroup section */

/* Begin PBXNativeTarget section */
		B707E07628E722360056A0D6 /* TestApp */ = {
			isa = PBXNativeTarget;
			buildConfigurationList = B707E08B28E722370056A0D6 /* Build configuration list for PBXNativeTarget "TestApp" */;
			buildPhases = (
				B707E07328E722360056A0D6 /* Sources */,
				B707E07428E722360056A0D6 /* Frameworks */,
				B707E07528E722360056A0D6 /* Resources */,
			);
			buildRules = (
			);
			dependencies = (
			);
			name = TestApp;
			productName = TestApp;
			productReference = B707E07728E722360056A0D6 /* TestApp.app */;
			productType = "com.apple.product-type.application";
		};
/* End PBXNativeTarget section */

/* Begin PBXProject section */
		B707E06F28E722360056A0D6 /* Project object */ = {
			isa = PBXProject;
			attributes = {
				BuildIndependentTargetsInParallel = 1;
				LastSwiftUpdateCheck = 1400;
				LastUpgradeCheck = 1400;
				TargetAttributes = {
					B707E07628E722360056A0D6 = {
						CreatedOnToolsVersion = 14.0.1;
					};
				};
			};
			buildConfigurationList = B707E07228E722360056A0D6 /* Build configuration list for PBXProject "TestApp" */;
			compatibilityVersion = "Xcode 14.0";
			developmentRegion = en;
			hasScannedForEncodings = 0;
			knownRegions = (
				en,
				Base,
			);
			mainGroup = B707E06E28E722360056A0D6;
			productRefGroup = B707E07828E722360056A0D6 /* Products */;
			projectDirPath = "";
			projectRoot = "";
			targets = (
				B707E07628E722360056A0D6 /* TestApp */,
			);
		};
/* End PBXProject section */

/* Begin PBXResourcesBuildPhase section */
		B707E07528E722360056A0D6 /* Resources */ = {
			isa = PBXResourcesBuildPhase;
			buildActionMask = 2147483647;
			files = (
				B707E08728E722370056A0D6 /* LaunchScreen.storyboard in Resources */,
				B707E08428E722370056A0D6 /* Assets.xcassets in Resources */,
				B707E09328E722AD0056A0D6 /* AZkarVC.xib in Resources */,
				B707E08228E722360056A0D6 /* Main.storyboard in Resources */,
			);
			runOnlyForDeploymentPostprocessing = 0;
		};
/* End PBXResourcesBuildPhase section */

/* Begin PBXSourcesBuildPhase section */
		B707E07328E722360056A0D6 /* Sources */ = {
			isa = PBXSourcesBuildPhase;
			buildActionMask = 2147483647;
			files = (
				B707E09D28E723A40056A0D6 /* AZkarScreenRouter.swift in Sources */,
				B707E07F28E722360056A0D6 /* ViewController.swift in Sources */,
				B707E07B28E722360056A0D6 /* AppDelegate.swift in Sources */,
				B707E09228E722AD0056A0D6 /* AZkarVC.swift in Sources */,
				B707E07D28E722360056A0D6 /* SceneDelegate.swift in Sources */,
			);
			runOnlyForDeploymentPostprocessing = 0;
		};
/* End PBXSourcesBuildPhase section */

/* Begin PBXVariantGroup section */
		B707E08028E722360056A0D6 /* Main.storyboard */ = {
			isa = PBXVariantGroup;
			children = (
				B707E08128E722360056A0D6 /* Base */,
			);
			name = Main.storyboard;
			sourceTree = "<group>";
		};
		B707E08528E722370056A0D6 /* LaunchScreen.storyboard */ = {
			isa = PBXVariantGroup;
			children = (
				B707E08628E722370056A0D6 /* Base */,
			);
			name = LaunchScreen.storyboard;
			sourceTree = "<group>";
		};
/* End PBXVariantGroup section */

/* Begin XCBuildConfiguration section */
		B707E08928E722370056A0D6 /* Debug */ = {
			isa = XCBuildConfiguration;
			buildSettings = {
				ALWAYS_SEARCH_USER_PATHS = NO;
				CLANG_ANALYZER_NONNULL = YES;
				CLANG_ANALYZER_NUMBER_OBJECT_CONVERSION = YES_AGGRESSIVE;
				CLANG_CXX_LANGUAGE_STANDARD = "gnu++20";
				CLANG_ENABLE_MODULES = YES;
				CLANG_ENABLE_OBJC_ARC = YES;
				CLANG_ENABLE_OBJC_WEAK = YES;
				CLANG_WARN_BLOCK_CAPTURE_AUTORELEASING = YES;
				CLANG_WARN_BOOL_CONVERSION = YES;
				CLANG_WARN_COMMA = YES;
				CLANG_WARN_CONSTANT_CONVERSION = YES;
				CLANG_WARN_DEPRECATED_OBJC_IMPLEMENTATIONS = YES;
				CLANG_WARN_DIRECT_OBJC_ISA_USAGE = YES_ERROR;
				CLANG_WARN_DOCUMENTATION_COMMENTS = YES;
				CLANG_WARN_EMPTY_BODY = YES;
				CLANG_WARN_ENUM_CONVERSION = YES;
				CLANG_WARN_INFINITE_RECURSION = YES;
				CLANG_WARN_INT_CONVERSION = YES;
				CLANG_WARN_NON_LITERAL_NULL_CONVERSION = YES;
				CLANG_WARN_OBJC_IMPLICIT_RETAIN_SELF = YES;
				CLANG_WARN_OBJC_LITERAL_CONVERSION = YES;
				CLANG_WARN_OBJC_ROOT_CLASS = YES_ERROR;
				CLANG_WARN_QUOTED_INCLUDE_IN_FRAMEWORK_HEADER = YES;
				CLANG_WARN_RANGE_LOOP_ANALYSIS = YES;
				CLANG_WARN_STRICT_PROTOTYPES = YES;
				CLANG_WARN_SUSPICIOUS_MOVE = YES;
				CLANG_WARN_UNGUARDED_AVAILABILITY = YES_AGGRESSIVE;
				CLANG_WARN_UNREACHABLE_CODE = YES;
				CLANG_WARN__DUPLICATE_METHOD_MATCH = YES;
				COPY_PHASE_STRIP = NO;
				DEBUG_INFORMATION_FORMAT = dwarf;
				ENABLE_STRICT_OBJC_MSGSEND = YES;
				ENABLE_TESTABILITY = YES;
				GCC_C_LANGUAGE_STANDARD = gnu11;
				GCC_DYNAMIC_NO_PIC = NO;
				GCC_NO_COMMON_BLOCKS = YES;
				GCC_OPTIMIZATION_LEVEL = 0;
				GCC_PREPROCESSOR_DEFINITIONS = (
					"DEBUG=1",
					"$(inherited)",
				);
				GCC_WARN_64_TO_32_BIT_CONVERSION = YES;
				GCC_WARN_ABOUT_RETURN_TYPE = YES_ERROR;
				GCC_WARN_UNDECLARED_SELECTOR = YES;
				GCC_WARN_UNINITIALIZED_AUTOS = YES_AGGRESSIVE;
				GCC_WARN_UNUSED_FUNCTION = YES;
				GCC_WARN_UNUSED_VARIABLE = YES;
				IPHONEOS_DEPLOYMENT_TARGET = 16.0;
				MTL_ENABLE_DEBUG_INFO = INCLUDE_SOURCE;
				MTL_FAST_MATH = YES;
				ONLY_ACTIVE_ARCH = YES;
				SDKROOT = iphoneos;
				SWIFT_ACTIVE_COMPILATION_CONDITIONS = DEBUG;
				SWIFT_OPTIMIZATION_LEVEL = "-Onone";
			};
			name = Debug;
		};
		B707E08A28E722370056A0D6 /* Release */ = {
			isa = XCBuildConfiguration;
			buildSettings = {
				ALWAYS_SEARCH_USER_PATHS = NO;
				CLANG_ANALYZER_NONNULL = YES;
				CLANG_ANALYZER_NUMBER_OBJECT_CONVERSION = YES_AGGRESSIVE;
				CLANG_CXX_LANGUAGE_STANDARD = "gnu++20";
				CLANG_ENABLE_MODULES = YES;
				CLANG_ENABLE_OBJC_ARC = YES;
				CLANG_ENABLE_OBJC_WEAK = YES;
				CLANG_WARN_BLOCK_CAPTURE_AUTORELEASING = YES;
				CLANG_WARN_BOOL_CONVERSION = YES;
				CLANG_WARN_COMMA = YES;
				CLANG_WARN_CONSTANT_CONVERSION = YES;
				CLANG_WARN_DEPRECATED_OBJC_IMPLEMENTATIONS = YES;
				CLANG_WARN_DIRECT_OBJC_ISA_USAGE = YES_ERROR;
				CLANG_WARN_DOCUMENTATION_COMMENTS = YES;
				CLANG_WARN_EMPTY_BODY = YES;
				CLANG_WARN_ENUM_CONVERSION = YES;
				CLANG_WARN_INFINITE_RECURSION = YES;
				CLANG_WARN_INT_CONVERSION = YES;
				CLANG_WARN_NON_LITERAL_NULL_CONVERSION = YES;
				CLANG_WARN_OBJC_IMPLICIT_RETAIN_SELF = YES;
				CLANG_WARN_OBJC_LITERAL_CONVERSION = YES;
				CLANG_WARN_OBJC_ROOT_CLASS = YES_ERROR;
				CLANG_WARN_QUOTED_INCLUDE_IN_FRAMEWORK_HEADER = YES;
				CLANG_WARN_RANGE_LOOP_ANALYSIS = YES;
				CLANG_WARN_STRICT_PROTOTYPES = YES;
				CLANG_WARN_SUSPICIOUS_MOVE = YES;
				CLANG_WARN_UNGUARDED_AVAILABILITY = YES_AGGRESSIVE;
				CLANG_WARN_UNREACHABLE_CODE = YES;
				CLANG_WARN__DUPLICATE_METHOD_MATCH = YES;
				COPY_PHASE_STRIP = NO;
				DEBUG_INFORMATION_FORMAT = "dwarf-with-dsym";
				ENABLE_NS_ASSERTIONS = NO;
				ENABLE_STRICT_OBJC_MSGSEND = YES;
				GCC_C_LANGUAGE_STANDARD = gnu11;
				GCC_NO_COMMON_BLOCKS = YES;
				GCC_WARN_64_TO_32_BIT_CONVERSION = YES;
				GCC_WARN_ABOUT_RETURN_TYPE = YES_ERROR;
				GCC_WARN_UNDECLARED_SELECTOR = YES;
				GCC_WARN_UNINITIALIZED_AUTOS = YES_AGGRESSIVE;
				GCC_WARN_UNUSED_FUNCTION = YES;
				GCC_WARN_UNUSED_VARIABLE = YES;
				IPHONEOS_DEPLOYMENT_TARGET = 16.0;
				MTL_ENABLE_DEBUG_INFO = NO;
				MTL_FAST_MATH = YES;
				SDKROOT = iphoneos;
				SWIFT_COMPILATION_MODE = wholemodule;
				SWIFT_OPTIMIZATION_LEVEL = "-O";
				VALIDATE_PRODUCT = YES;
			};
			name = Release;
		};
		B707E08C28E722370056A0D6 /* Debug */ = {
			isa = XCBuildConfiguration;
			buildSettings = {
				ASSETCATALOG_COMPILER_APPICON_NAME = AppIcon;
				ASSETCATALOG_COMPILER_GLOBAL_ACCENT_COLOR_NAME = AccentColor;
				CODE_SIGN_STYLE = Automatic;
				CURRENT_PROJECT_VERSION = 1;
				DEVELOPMENT_TEAM = AVA373VAKG;
				GENERATE_INFOPLIST_FILE = YES;
				INFOPLIST_FILE = TestApp/Info.plist;
				INFOPLIST_KEY_UIApplicationSupportsIndirectInputEvents = YES;
				INFOPLIST_KEY_UILaunchStoryboardName = LaunchScreen;
				INFOPLIST_KEY_UIMainStoryboardFile = Main;
				INFOPLIST_KEY_UISupportedInterfaceOrientations_iPad = "UIInterfaceOrientationPortrait UIInterfaceOrientationPortraitUpsideDown UIInterfaceOrientationLandscapeLeft UIInterfaceOrientationLandscapeRight";
				INFOPLIST_KEY_UISupportedInterfaceOrientations_iPhone = "UIInterfaceOrientationPortrait UIInterfaceOrientationLandscapeLeft UIInterfaceOrientationLandscapeRight";
				LD_RUNPATH_SEARCH_PATHS = (
					"$(inherited)",
					"@executable_path/Frameworks",
				);
				MARKETING_VERSION = 1.0;
				PRODUCT_BUNDLE_IDENTIFIER = rubikans.com.e4patientapp.TestApp;
				PRODUCT_NAME = "$(TARGET_NAME)";
				SWIFT_EMIT_LOC_STRINGS = YES;
				SWIFT_VERSION = 5.0;
				TARGETED_DEVICE_FAMILY = "1,2";
			};
			name = Debug;
		};
		B707E08D28E722370056A0D6 /* Release */ = {
			isa = XCBuildConfiguration;
			buildSettings = {
				ASSETCATALOG_COMPILER_APPICON_NAME = AppIcon;
				ASSETCATALOG_COMPILER_GLOBAL_ACCENT_COLOR_NAME = AccentColor;
				CODE_SIGN_STYLE = Automatic;
				CURRENT_PROJECT_VERSION = 1;
				DEVELOPMENT_TEAM = AVA373VAKG;
				GENERATE_INFOPLIST_FILE = YES;
				INFOPLIST_FILE = TestApp/Info.plist;
				INFOPLIST_KEY_UIApplicationSupportsIndirectInputEvents = YES;
				INFOPLIST_KEY_UILaunchStoryboardName = LaunchScreen;
				INFOPLIST_KEY_UIMainStoryboardFile = Main;
				INFOPLIST_KEY_UISupportedInterfaceOrientations_iPad = "UIInterfaceOrientationPortrait UIInterfaceOrientationPortraitUpsideDown UIInterfaceOrientationLandscapeLeft UIInterfaceOrientationLandscapeRight";
				INFOPLIST_KEY_UISupportedInterfaceOrientations_iPhone = "UIInterfaceOrientationPortrait UIInterfaceOrientationLandscapeLeft UIInterfaceOrientationLandscapeRight";
				LD_RUNPATH_SEARCH_PATHS = (
					"$(inherited)",
					"@executable_path/Frameworks",
				);
				MARKETING_VERSION = 1.0;
				PRODUCT_BUNDLE_IDENTIFIER = rubikans.com.e4patientapp.TestApp;
				PRODUCT_NAME = "$(TARGET_NAME)";
				SWIFT_EMIT_LOC_STRINGS = YES;
				SWIFT_VERSION = 5.0;
				TARGETED_DEVICE_FAMILY = "1,2";
			};
			name = Release;
		};
/* End XCBuildConfiguration section */

/* Begin XCConfigurationList section */
		B707E07228E722360056A0D6 /* Build configuration list for PBXProject "TestApp" */ = {
			isa = XCConfigurationList;
			buildConfigurations = (
				B707E08928E722370056A0D6 /* Debug */,
				B707E08A28E722370056A0D6 /* Release */,
			);
			defaultConfigurationIsVisible = 0;
			defaultConfigurationName = Release;
		};
		B707E08B28E722370056A0D6 /* Build configuration list for PBXNativeTarget "TestApp" */ = {
			isa = XCConfigurationList;
			buildConfigurations = (
				B707E08C28E722370056A0D6 /* Debug */,
				B707E08D28E722370056A0D6 /* Release */,
			);
			defaultConfigurationIsVisible = 0;
			defaultConfigurationName = Release;
		};
/* End XCConfigurationList section */
	};
	rootObject = B707E06F28E722360056A0D6 /* Project object */;
}
